
Microsoft Visual Studio Solution File, Format Version 12.00
# Visual Studio 15
VisualStudioVersion = 15.0.28307.329
MinimumVisualStudioVersion = 10.0.40219.1
Project("{FAE04EC0-301F-11D3-BF4B-00C04F79EFBC}") = "MVCMusicStoreApplication", "MVCMusicStoreApplication\MVCMusicStoreApplication.csproj", "{ACF4316F-467E-4E68-87D8-F0270C95E997}"
EndProject
Global
	GlobalSection(SolutionConfigurationPlatforms) = preSolution
		Debug|Any CPU = Debug|Any CPU
		Release|Any CPU = Release|Any CPU
	EndGlobalSection
	GlobalSection(ProjectConfigurationPlatforms) = postSolution
		{ACF4316F-467E-4E68-87D8-F0270C95E997}.Debug|Any CPU.ActiveCfg = Debug|Any CPU
		{ACF4316F-467E-4E68-87D8-F0270C95E997}.Debug|Any CPU.Build.0 = Debug|Any CPU
		{ACF4316F-467E-4E68-87D8-F0270C95E997}.Release|Any CPU.ActiveCfg = Release|Any CPU
		{ACF4316F-467E-4E68-87D8-F0270C95E997}.Release|Any CPU.Build.0 = Release|Any CPU
	EndGlobalSection
	GlobalSection(SolutionProperties) = preSolution
		HideSolutionNode = FALSE
	EndGlobalSection
	GlobalSection(ExtensibilityGlobals) = postSolution
		SolutionGuid = {FD560A41-8588-4398-A695-4A3FB49D6E7D}
	EndGlobalSection
EndGlobal
